{
	"name": "@loopback/pooling",
	"version": "0.3.7",
	"lockfileVersion": 2,
	"requires": true,
	"packages": {
		"": {
			"name": "@loopback/pooling",
			"version": "0.3.7",
			"license": "MIT",
			"dependencies": {
				"@types/generic-pool": "^3.1.9",
				"generic-pool": "^3.7.2",
				"tslib": "^2.1.0"
			},
			"devDependencies": {
				"@types/node": "^10.17.55",
				"typescript": "~4.2.3"
			},
			"engines": {
				"node": "^10.16 || 12 || 14 || 15"
			},
			"peerDependencies": {
				"@loopback/core": "^2.14.1"
			}
		},
		"../../packages/context": {
			"name": "@loopback/context",
			"version": "3.14.1",
			"license": "MIT",
			"peer": true,
			"dependencies": {
				"@loopback/metadata": "^3.1.1",
				"@types/debug": "^4.1.5",
				"debug": "^4.3.1",
				"hyperid": "^2.1.0",
				"p-event": "^4.2.0",
				"tslib": "^2.1.0",
				"uuid": "^8.3.2"
			},
			"devDependencies": {
				"@loopback/build": "^6.2.9",
				"@loopback/eslint-config": "^10.0.5",
				"@loopback/testlab": "^3.2.12",
				"@types/bluebird": "^3.5.33",
				"@types/node": "^10.17.55",
				"@types/uuid": "^8.3.0",
				"bluebird": "^3.7.2"
			},
			"engines": {
				"node": "^10.16 || 12 || 14 || 15"
			}
		},
		"../../packages/context/node_modules/@loopback/build": {
			"resolved": "../../packages/build",
			"link": true
		},
		"../../packages/context/node_modules/@loopback/eslint-config": {
			"resolved": "../../packages/eslint-config",
			"link": true
		},
		"../../packages/context/node_modules/@loopback/metadata": {
			"resolved": "../../packages/metadata",
			"link": true
		},
		"../../packages/context/node_modules/@loopback/testlab": {
			"resolved": "../../packages/testlab",
			"link": true
		},
		"../../packages/core": {
			"name": "@loopback/core",
			"version": "2.14.1",
			"license": "MIT",
			"peer": true,
			"dependencies": {
				"@loopback/context": "^3.14.1",
				"debug": "^4.3.1",
				"tslib": "^2.1.0"
			},
			"devDependencies": {
				"@loopback/build": "^6.2.9",
				"@loopback/eslint-config": "^10.0.5",
				"@loopback/testlab": "^3.2.12",
				"@types/debug": "^4.1.5",
				"@types/node": "^10.17.55"
			},
			"engines": {
				"node": "^10.16 || 12 || 14 || 15"
			}
		},
		"../../packages/core/node_modules/@loopback/build": {
			"resolved": "../../packages/build",
			"link": true
		},
		"../../packages/core/node_modules/@loopback/context": {
			"resolved": "../../packages/context",
			"link": true
		},
		"../../packages/core/node_modules/@loopback/eslint-config": {
			"resolved": "../../packages/eslint-config",
			"link": true
		},
		"../../packages/core/node_modules/@loopback/testlab": {
			"resolved": "../../packages/testlab",
			"link": true
		},
		"../../packages/metadata": {
			"name": "@loopback/metadata",
			"version": "3.1.1",
			"license": "MIT",
			"peer": true,
			"dependencies": {
				"debug": "^4.3.1",
				"lodash": "^4.17.21",
				"reflect-metadata": "^0.1.13",
				"tslib": "^2.1.0"
			},
			"devDependencies": {
				"@loopback/build": "^6.2.9",
				"@loopback/eslint-config": "^10.0.5",
				"@loopback/testlab": "^3.2.12",
				"@types/debug": "^4.1.5",
				"@types/lodash": "^4.14.168",
				"@types/node": "^10.17.55"
			},
			"engines": {
				"node": "^10.16 || 12 || 14 || 15"
			}
		},
		"../../packages/metadata/node_modules/@loopback/build": {
			"resolved": "../../packages/build",
			"link": true
		},
		"../../packages/metadata/node_modules/@loopback/eslint-config": {
			"resolved": "../../packages/eslint-config",
			"link": true
		},
		"../../packages/metadata/node_modules/@loopback/testlab": {
			"resolved": "../../packages/testlab",
			"link": true
		},
		"node_modules/@loopback/core": {
			"resolved": "../../packages/core",
			"link": true
		},
		"node_modules/@types/generic-pool": {
			"version": "3.1.9",
			"resolved": "https://registry.npmjs.org/@types/generic-pool/-/generic-pool-3.1.9.tgz",
			"integrity": "sha512-IkXMs8fhV6+E4J8EWv8iL7mLvApcLLQUH4m1Rex3KCPRqT+Xya0DDHIeGAokk/6VXe9zg8oTWyr+FGyeuimEYQ==",
			"dependencies": {
				"@types/node": "*"
			}
		},
		"node_modules/@types/node": {
			"version": "10.17.55",
			"resolved": "https://registry.npmjs.org/@types/node/-/node-10.17.55.tgz",
			"integrity": "sha512-koZJ89uLZufDvToeWO5BrC4CR4OUfHnUz2qoPs/daQH6qq3IN62QFxCTZ+bKaCE0xaoCAJYE4AXre8AbghCrhg=="
		},
		"node_modules/generic-pool": {
			"version": "3.7.2",
			"resolved": "https://registry.npmjs.org/generic-pool/-/generic-pool-3.7.2.tgz",
			"integrity": "sha512-Ec7D4KySmEtIdJBNRVS8jus84ejNAvYG7KaLsXMhIs4AVQ2RuXSjMtmpskTKDT0y6TFSPjo4H+cCmLKUb+vDzg==",
			"engines": {
				"node": ">= 4"
			}
		},
		"node_modules/tslib": {
			"version": "2.1.0",
			"resolved": "https://registry.npmjs.org/tslib/-/tslib-2.1.0.tgz",
			"integrity": "sha512-hcVC3wYEziELGGmEEXue7D75zbwIIVUMWAVbHItGPx0ziyXxrOMQx4rQEVEV45Ut/1IotuEvwqPopzIOkDMf0A=="
		},
		"node_modules/typescript": {
			"version": "4.2.3",
			"resolved": "https://registry.npmjs.org/typescript/-/typescript-4.2.3.tgz",
			"integrity": "sha512-qOcYwxaByStAWrBf4x0fibwZvMRG+r4cQoTjbPtUlrWjBHbmCAww1i448U0GJ+3cNNEtebDteo/cHOR3xJ4wEw==",
			"dev": true,
			"bin": {
				"tsc": "bin/tsc",
				"tsserver": "bin/tsserver"
			},
			"engines": {
				"node": ">=4.2.0"
			}
		}
	},
	"dependencies": {
		"@loopback/core": {
			"version": "file:../../packages/core",
			"requires": {
				"@loopback/build": "^6.2.9",
				"@loopback/context": "^3.14.1",
				"@loopback/eslint-config": "^10.0.5",
				"@loopback/testlab": "^3.2.12",
				"@types/debug": "^4.1.5",
				"@types/node": "^10.17.55",
				"debug": "^4.3.1",
				"tslib": "^2.1.0"
			},
			"dependencies": {
				"@loopback/build": {
					"version": "6.2.9"
				},
				"@loopback/context": {
					"version": "file:../../packages/context",
					"requires": {
						"@loopback/build": "^6.2.9",
						"@loopback/eslint-config": "^10.0.5",
						"@loopback/metadata": "^3.1.1",
						"@loopback/testlab": "^3.2.12",
						"@types/bluebird": "^3.5.33",
						"@types/debug": "^4.1.5",
						"@types/node": "^10.17.55",
						"@types/uuid": "^8.3.0",
						"bluebird": "^3.7.2",
						"debug": "^4.3.1",
						"hyperid": "^2.1.0",
						"p-event": "^4.2.0",
						"tslib": "^2.1.0",
						"uuid": "^8.3.2"
					},
					"dependencies": {
						"@loopback/build": {
							"version": "6.2.9"
						},
						"@loopback/eslint-config": {
							"version": "10.0.5"
						},
						"@loopback/metadata": {
							"version": "file:../../packages/metadata",
							"requires": {
								"@loopback/build": "^6.2.9",
								"@loopback/eslint-config": "^10.0.5",
								"@loopback/testlab": "^3.2.12",
								"@types/debug": "^4.1.5",
								"@types/lodash": "^4.14.168",
								"@types/node": "^10.17.55",
								"debug": "^4.3.1",
								"lodash": "^4.17.21",
								"reflect-metadata": "^0.1.13",
								"tslib": "^2.1.0"
							},
							"dependencies": {
								"@loopback/build": {
									"version": "6.2.9"
								},
								"@loopback/eslint-config": {
									"version": "10.0.5"
								},
								"@loopback/testlab": {
									"version": "3.2.12"
								}
							}
						},
						"@loopback/testlab": {
							"version": "3.2.12"
						}
					}
				},
				"@loopback/eslint-config": {
					"version": "10.0.5"
				},
				"@loopback/testlab": {
					"version": "3.2.12"
				}
			}
		},
		"@types/generic-pool": {
			"version": "3.1.9",
			"resolved": "https://registry.npmjs.org/@types/generic-pool/-/generic-pool-3.1.9.tgz",
			"integrity": "sha512-IkXMs8fhV6+E4J8EWv8iL7mLvApcLLQUH4m1Rex3KCPRqT+Xya0DDHIeGAokk/6VXe9zg8oTWyr+FGyeuimEYQ==",
			"requires": {
				"@types/node": "*"
			}
		},
		"@types/node": {
			"version": "10.17.55",
			"resolved": "https://registry.npmjs.org/@types/node/-/node-10.17.55.tgz",
			"integrity": "sha512-koZJ89uLZufDvToeWO5BrC4CR4OUfHnUz2qoPs/daQH6qq3IN62QFxCTZ+bKaCE0xaoCAJYE4AXre8AbghCrhg=="
		},
		"generic-pool": {
			"version": "3.7.2",
			"resolved": "https://registry.npmjs.org/generic-pool/-/generic-pool-3.7.2.tgz",
			"integrity": "sha512-Ec7D4KySmEtIdJBNRVS8jus84ejNAvYG7KaLsXMhIs4AVQ2RuXSjMtmpskTKDT0y6TFSPjo4H+cCmLKUb+vDzg=="
		},
		"tslib": {
			"version": "2.1.0",
			"resolved": "https://registry.npmjs.org/tslib/-/tslib-2.1.0.tgz",
			"integrity": "sha512-hcVC3wYEziELGGmEEXue7D75zbwIIVUMWAVbHItGPx0ziyXxrOMQx4rQEVEV45Ut/1IotuEvwqPopzIOkDMf0A=="
		},
		"typescript": {
			"version": "4.2.3",
			"resolved": "https://registry.npmjs.org/typescript/-/typescript-4.2.3.tgz",
			"integrity": "sha512-qOcYwxaByStAWrBf4x0fibwZvMRG+r4cQoTjbPtUlrWjBHbmCAww1i448U0GJ+3cNNEtebDteo/cHOR3xJ4wEw==",
			"dev": true
		}
	}
}
